github.com/cronokirby/safenum v0.1.0 h1:JDzr3+n/C2z4QvFhyFdnWWIHcGuEJkkXubeS1ILXonc=
github.com/cronokirby/safenum v0.1.0/go.mod h1:AWp82xwEqKcnrpJPXPa1m0gF/OY8dzgL17ubUBnVygA=
github.com/cronokirby/safenum v0.3.0 h1:wB79LLVUAL1+We8xWC70gSSBc2Ek3oeG3QEp+E/h0hQ=
github.com/cronokirby/safenum v0.3.0/go.mod h1:AWp82xwEqKcnrpJPXPa1m0gF/OY8dzgL17ubUBnVygA=
github.com/cronokirby/safenum v0.4.0 h1:kr94s18VttfKcOIpeXvFzz3avXSgTZnXaZYslsMcX64=
github.com/cronokirby/safenum v0.4.0/go.mod h1:AWp82xwEqKcnrpJPXPa1m0gF/OY8dzgL17ubUBnVygA=
github.com/cronokirby/safenum v0.5.0 h1:2e6cuiC4B7pPsTSZCsh7oMoj1PvRrCurRhCIbfP7rbc=
github.com/cronokirby/safenum v0.5.0/go.mod h1:AWp82xwEqKcnrpJPXPa1m0gF/OY8dzgL17ubUBnVygA=
github.com/cronokirby/safenum v0.7.0 h1:dh+S6gVkKMLA1jfptzxftC//G4LJllu2lYUz4Touk9s=
github.com/cronokirby/safenum v0.7.0/go.mod h1:AWp82xwEqKcnrpJPXPa1m0gF/OY8dzgL17ubUBnVygA=
golang.org/x/crypto v0.0.0-20210415154028-4f45737414dc h1:+q90ECDSAQirdykUN6sPEiBXBsp8Csjcca8Oy7bgLTA=
golang.org/x/crypto v0.0.0-20210415154028-4f45737414dc/go.mod h1:T9bdIzuCu7OtxOm1hfPfRQxPLYneinmdGuTeoZ9dtd4=
golang.org/x/net v0.0.0-20210226172049-e18ecbb05110/go.mod h1:m0MpNAwzfU5UDzcl9v0D8zg8gWTRqZa9RBIspLL5mdg=
golang.org/x/sys v0.0.0-20201119102817-f84b799fce68/go.mod h1:h1NjWce9XRLGQEsW7wpKNCjG9DtNlClVuFLEZdDNbEs=
golang.org/x/term v0.0.0-20201126162022-7de9c90e9dd1/go.mod h1:bj7SfCRtBDWHUb9snDiAeCFNEtKQo2Wmx5Cou7ajbmo=
golang.org/x/text v0.3.3/go.mod h1:5Zoc/QRtKVWzQhOtBMvqHzDpF6irO9z98xDceosuGiQ=
golang.org/x/tools v0.0.0-20180917221912-90fa682c2a6e/go.mod h1:n7NCudcB/nEzxVGmLbDWY5pfWTLqBcC2KZ6jyYvM4mQ=
